
Microsoft Visual Studio Solution File, Format Version 12.00
# Visual Studio Version 17
VisualStudioVersion = 17.5.33424.131
MinimumVisualStudioVersion = 10.0.40219.1
Project("{9A19103F-16F7-4668-BE54-9A1E7A4F7556}") = "GSM00200Common", "GSM00200Common\GSM00200Common.csproj", "{FC84F5D4-543F-4E40-BB71-AD4BAD7E38F2}"
EndProject
Project("{F184B08F-C81C-45F6-A57F-5ABD9991F28F}") = "GSM00200Back", "GSM00200Back\GSM00200Back.vbproj", "{2E0FBA10-2119-49B3-AC0A-D21D91082544}"
EndProject
Global
	GlobalSection(SolutionConfigurationPlatforms) = preSolution
		Debug|Any CPU = Debug|Any CPU
		Release|Any CPU = Release|Any CPU
	EndGlobalSection
	GlobalSection(ProjectConfigurationPlatforms) = postSolution
		{FC84F5D4-543F-4E40-BB71-AD4BAD7E38F2}.Debug|Any CPU.ActiveCfg = Debug|Any CPU
		{FC84F5D4-543F-4E40-BB71-AD4BAD7E38F2}.Debug|Any CPU.Build.0 = Debug|Any CPU
		{FC84F5D4-543F-4E40-BB71-AD4BAD7E38F2}.Release|Any CPU.ActiveCfg = Release|Any CPU
		{FC84F5D4-543F-4E40-BB71-AD4BAD7E38F2}.Release|Any CPU.Build.0 = Release|Any CPU
		{2E0FBA10-2119-49B3-AC0A-D21D91082544}.Debug|Any CPU.ActiveCfg = Debug|Any CPU
		{2E0FBA10-2119-49B3-AC0A-D21D91082544}.Debug|Any CPU.Build.0 = Debug|Any CPU
		{2E0FBA10-2119-49B3-AC0A-D21D91082544}.Release|Any CPU.ActiveCfg = Release|Any CPU
		{2E0FBA10-2119-49B3-AC0A-D21D91082544}.Release|Any CPU.Build.0 = Release|Any CPU
	EndGlobalSection
	GlobalSection(SolutionProperties) = preSolution
		HideSolutionNode = FALSE
	EndGlobalSection
	GlobalSection(ExtensibilityGlobals) = postSolution
		SolutionGuid = {0A2C4AB0-49B8-4AF0-A7E3-22529FF81823}
	EndGlobalSection
EndGlobal
