
Microsoft Visual Studio Solution File, Format Version 12.00
# Visual Studio Version 17
VisualStudioVersion = 17.5.33424.131
MinimumVisualStudioVersion = 10.0.40219.1
Project("{9A19103F-16F7-4668-BE54-9A1E7A4F7556}") = "GSM00200Common", "GSM00200Common\GSM00200Common.csproj", "{FC84F5D4-543F-4E40-BB71-AD4BAD7E38F2}"
EndProject
Project("{F184B08F-C81C-45F6-A57F-5ABD9991F28F}") = "GSM00200Back", "GSM00200Back\GSM00200Back.vbproj", "{2E0FBA10-2119-49B3-AC0A-D21D91082544}"
EndProject
Project("{FAE04EC0-301F-11D3-BF4B-00C04F79EFBC}") = "GSM00200Service", "GSM00200Service\GSM00200Service.csproj", "{0E7CCB7D-FB37-4094-82F8-E8DDF0B599CB}"
EndProject
Project("{9A19103F-16F7-4668-BE54-9A1E7A4F7556}") = "RealtaAPI", "RealtaAPI\RealtaAPI.csproj", "{FFC0AEEB-797D-4531-9F26-7BD1DFEE9098}"
EndProject
Project("{778DAE3C-4631-46EA-AA77-85C1314464D9}") = "AuthBack", "AuthBack\AuthBack.vbproj", "{FC7F00D0-006F-45AA-9D25-1FD9A24C6AC4}"
EndProject
Project("{9A19103F-16F7-4668-BE54-9A1E7A4F7556}") = "AuthCommon", "AuthCommon\AuthCommon.csproj", "{7C905D27-7C85-4670-9744-F82747BC1972}"
EndProject
Project("{9A19103F-16F7-4668-BE54-9A1E7A4F7556}") = "AuthService", "AuthService\AuthService.csproj", "{3BB2688F-C921-4F8F-A473-D6E8D2B7D78B}"
EndProject
Project("{2150E333-8FDC-42A3-9474-1A3956D46DE8}") = "Auth", "Auth", "{62F6BA79-44F8-4005-A8B9-73C84CC59F93}"
EndProject
Global
	GlobalSection(SolutionConfigurationPlatforms) = preSolution
		Debug|Any CPU = Debug|Any CPU
		Release|Any CPU = Release|Any CPU
	EndGlobalSection
	GlobalSection(ProjectConfigurationPlatforms) = postSolution
		{FC84F5D4-543F-4E40-BB71-AD4BAD7E38F2}.Debug|Any CPU.ActiveCfg = Debug|Any CPU
		{FC84F5D4-543F-4E40-BB71-AD4BAD7E38F2}.Debug|Any CPU.Build.0 = Debug|Any CPU
		{FC84F5D4-543F-4E40-BB71-AD4BAD7E38F2}.Release|Any CPU.ActiveCfg = Release|Any CPU
		{FC84F5D4-543F-4E40-BB71-AD4BAD7E38F2}.Release|Any CPU.Build.0 = Release|Any CPU
		{2E0FBA10-2119-49B3-AC0A-D21D91082544}.Debug|Any CPU.ActiveCfg = Debug|Any CPU
		{2E0FBA10-2119-49B3-AC0A-D21D91082544}.Debug|Any CPU.Build.0 = Debug|Any CPU
		{2E0FBA10-2119-49B3-AC0A-D21D91082544}.Release|Any CPU.ActiveCfg = Release|Any CPU
		{2E0FBA10-2119-49B3-AC0A-D21D91082544}.Release|Any CPU.Build.0 = Release|Any CPU
		{0E7CCB7D-FB37-4094-82F8-E8DDF0B599CB}.Debug|Any CPU.ActiveCfg = Debug|Any CPU
		{0E7CCB7D-FB37-4094-82F8-E8DDF0B599CB}.Debug|Any CPU.Build.0 = Debug|Any CPU
		{0E7CCB7D-FB37-4094-82F8-E8DDF0B599CB}.Release|Any CPU.ActiveCfg = Release|Any CPU
		{0E7CCB7D-FB37-4094-82F8-E8DDF0B599CB}.Release|Any CPU.Build.0 = Release|Any CPU
		{FFC0AEEB-797D-4531-9F26-7BD1DFEE9098}.Debug|Any CPU.ActiveCfg = Debug|Any CPU
		{FFC0AEEB-797D-4531-9F26-7BD1DFEE9098}.Debug|Any CPU.Build.0 = Debug|Any CPU
		{FFC0AEEB-797D-4531-9F26-7BD1DFEE9098}.Release|Any CPU.ActiveCfg = Release|Any CPU
		{FFC0AEEB-797D-4531-9F26-7BD1DFEE9098}.Release|Any CPU.Build.0 = Release|Any CPU
		{FC7F00D0-006F-45AA-9D25-1FD9A24C6AC4}.Debug|Any CPU.ActiveCfg = Debug|Any CPU
		{FC7F00D0-006F-45AA-9D25-1FD9A24C6AC4}.Debug|Any CPU.Build.0 = Debug|Any CPU
		{FC7F00D0-006F-45AA-9D25-1FD9A24C6AC4}.Release|Any CPU.ActiveCfg = Release|Any CPU
		{FC7F00D0-006F-45AA-9D25-1FD9A24C6AC4}.Release|Any CPU.Build.0 = Release|Any CPU
		{7C905D27-7C85-4670-9744-F82747BC1972}.Debug|Any CPU.ActiveCfg = Debug|Any CPU
		{7C905D27-7C85-4670-9744-F82747BC1972}.Debug|Any CPU.Build.0 = Debug|Any CPU
		{7C905D27-7C85-4670-9744-F82747BC1972}.Release|Any CPU.ActiveCfg = Release|Any CPU
		{7C905D27-7C85-4670-9744-F82747BC1972}.Release|Any CPU.Build.0 = Release|Any CPU
		{3BB2688F-C921-4F8F-A473-D6E8D2B7D78B}.Debug|Any CPU.ActiveCfg = Debug|Any CPU
		{3BB2688F-C921-4F8F-A473-D6E8D2B7D78B}.Debug|Any CPU.Build.0 = Debug|Any CPU
		{3BB2688F-C921-4F8F-A473-D6E8D2B7D78B}.Release|Any CPU.ActiveCfg = Release|Any CPU
		{3BB2688F-C921-4F8F-A473-D6E8D2B7D78B}.Release|Any CPU.Build.0 = Release|Any CPU
	EndGlobalSection
	GlobalSection(SolutionProperties) = preSolution
		HideSolutionNode = FALSE
	EndGlobalSection
	GlobalSection(NestedProjects) = preSolution
		{FC7F00D0-006F-45AA-9D25-1FD9A24C6AC4} = {62F6BA79-44F8-4005-A8B9-73C84CC59F93}
		{7C905D27-7C85-4670-9744-F82747BC1972} = {62F6BA79-44F8-4005-A8B9-73C84CC59F93}
		{3BB2688F-C921-4F8F-A473-D6E8D2B7D78B} = {62F6BA79-44F8-4005-A8B9-73C84CC59F93}
	EndGlobalSection
	GlobalSection(ExtensibilityGlobals) = postSolution
		SolutionGuid = {0A2C4AB0-49B8-4AF0-A7E3-22529FF81823}
	EndGlobalSection
EndGlobal
